
Microsoft Visual Studio Solution File, Format Version 12.00
# Visual Studio Version 17
VisualStudioVersion = 17.2.32526.322
MinimumVisualStudioVersion = 10.0.40219.1
Project("{2150E333-8FDC-42A3-9474-1A3956D46DE8}") = "src", "src", "{74F81C95-61E3-4010-80C4-07780074F01A}"
EndProject
Project("{2150E333-8FDC-42A3-9474-1A3956D46DE8}") = "tests", "tests", "{5224816A-4583-49D4-A28C-8A4DC53EE716}"
EndProject
Project("{9A19103F-16F7-4668-BE54-9A1E7A4F7556}") = "Example.Api", "src\Example.Api\Example.Api.csproj", "{042E43F1-C404-43B1-BA15-A46FB87847E3}"
EndProject
Project("{9A19103F-16F7-4668-BE54-9A1E7A4F7556}") = "Example.Platform", "src\Example.Platform\Example.Platform.csproj", "{CF4FA6FF-D5BF-43FE-9D76-D22AD34DDEC9}"
EndProject
Project("{9A19103F-16F7-4668-BE54-9A1E7A4F7556}") = "Example.SharedKernel", "src\Example.SharedKernel\Example.SharedKernel.csproj", "{D784103D-B0EE-4DAC-8CEB-EF6B094BE2FE}"
EndProject
Project("{2150E333-8FDC-42A3-9474-1A3956D46DE8}") = "User", "User", "{1AFA4BFC-B2EB-465C-B233-237FDE17C986}"
EndProject
Project("{2150E333-8FDC-42A3-9474-1A3956D46DE8}") = "Product", "Product", "{E8BEC9AB-83C0-4F3B-94AA-B3C22C633C8A}"
EndProject
Project("{2150E333-8FDC-42A3-9474-1A3956D46DE8}") = "Category", "Category", "{541CA2B2-BDCF-4BA9-99A6-E9DA486355B1}"
EndProject
Project("{2150E333-8FDC-42A3-9474-1A3956D46DE8}") = "Order", "Order", "{275960B7-88A9-4880-BD54-EA2E67F3D555}"
EndProject
Project("{9A19103F-16F7-4668-BE54-9A1E7A4F7556}") = "Example.Category.Application", "src\Example.Category.Application\Example.Category.Application.csproj", "{BA3761BF-97C7-4354-AD17-2FFE470AC9CE}"
EndProject
Project("{9A19103F-16F7-4668-BE54-9A1E7A4F7556}") = "Example.Category.Domain", "src\Example.Category.Domain\Example.Category.Domain.csproj", "{929B3A94-83FD-4EB7-A1C9-25B5BE4C3318}"
EndProject
Project("{9A19103F-16F7-4668-BE54-9A1E7A4F7556}") = "Example.Category.Infrastructure", "src\Example.Category.Infrastructure\Example.Category.Infrastructure.csproj", "{AED52C99-B42C-47E4-BA66-BC2F90E01E0A}"
EndProject
Project("{FAE04EC0-301F-11D3-BF4B-00C04F79EFBC}") = "Example.Order.Application", "src\Example.Order.Application\Example.Order.Application.csproj", "{0FD6D481-43FF-42BC-96B9-51B3B2FBD493}"
EndProject
Project("{FAE04EC0-301F-11D3-BF4B-00C04F79EFBC}") = "Example.Order.Domain", "src\Example.Order.Domain\Example.Order.Domain.csproj", "{F805AA32-E871-4DFB-8EE1-0DFD373D6EBE}"
EndProject
Project("{FAE04EC0-301F-11D3-BF4B-00C04F79EFBC}") = "Example.Order.Infrastructure", "src\Example.Order.Infrastructure\Example.Order.Infrastructure.csproj", "{7C94D463-C24F-49CC-AF73-C088B3452161}"
EndProject
Project("{FAE04EC0-301F-11D3-BF4B-00C04F79EFBC}") = "Example.Product.Application", "src\Example.Product.Application\Example.Product.Application.csproj", "{0EDF7447-3964-4AC9-AA95-6154A9F68FA2}"
EndProject
Project("{FAE04EC0-301F-11D3-BF4B-00C04F79EFBC}") = "Example.Product.Domain", "src\Example.Product.Domain\Example.Product.Domain.csproj", "{2F8459F0-3C04-44DB-98F9-7120810AC103}"
EndProject
Project("{FAE04EC0-301F-11D3-BF4B-00C04F79EFBC}") = "Example.Product.Infrastructure", "src\Example.Product.Infrastructure\Example.Product.Infrastructure.csproj", "{C7A7A926-4B65-42A4-A17C-F9DAC851B1F5}"
EndProject
Project("{FAE04EC0-301F-11D3-BF4B-00C04F79EFBC}") = "Example.User.Application", "src\Example.User.Application\Example.User.Application.csproj", "{0D6BE7DF-E8BC-438D-8784-DE58456B13EE}"
EndProject
Project("{FAE04EC0-301F-11D3-BF4B-00C04F79EFBC}") = "Example.User.Domain", "src\Example.User.Domain\Example.User.Domain.csproj", "{3992BEED-F846-404D-9695-B49459B46C40}"
EndProject
Project("{FAE04EC0-301F-11D3-BF4B-00C04F79EFBC}") = "Example.User.Infrastructure", "src\Example.User.Infrastructure\Example.User.Infrastructure.csproj", "{9D42F647-0C2D-4881-B72F-0117278D103E}"
EndProject
Global
	GlobalSection(SolutionConfigurationPlatforms) = preSolution
		Debug|Any CPU = Debug|Any CPU
		Release|Any CPU = Release|Any CPU
	EndGlobalSection
	GlobalSection(ProjectConfigurationPlatforms) = postSolution
		{042E43F1-C404-43B1-BA15-A46FB87847E3}.Debug|Any CPU.ActiveCfg = Debug|Any CPU
		{042E43F1-C404-43B1-BA15-A46FB87847E3}.Debug|Any CPU.Build.0 = Debug|Any CPU
		{042E43F1-C404-43B1-BA15-A46FB87847E3}.Release|Any CPU.ActiveCfg = Release|Any CPU
		{042E43F1-C404-43B1-BA15-A46FB87847E3}.Release|Any CPU.Build.0 = Release|Any CPU
		{CF4FA6FF-D5BF-43FE-9D76-D22AD34DDEC9}.Debug|Any CPU.ActiveCfg = Debug|Any CPU
		{CF4FA6FF-D5BF-43FE-9D76-D22AD34DDEC9}.Debug|Any CPU.Build.0 = Debug|Any CPU
		{CF4FA6FF-D5BF-43FE-9D76-D22AD34DDEC9}.Release|Any CPU.ActiveCfg = Release|Any CPU
		{CF4FA6FF-D5BF-43FE-9D76-D22AD34DDEC9}.Release|Any CPU.Build.0 = Release|Any CPU
		{D784103D-B0EE-4DAC-8CEB-EF6B094BE2FE}.Debug|Any CPU.ActiveCfg = Debug|Any CPU
		{D784103D-B0EE-4DAC-8CEB-EF6B094BE2FE}.Debug|Any CPU.Build.0 = Debug|Any CPU
		{D784103D-B0EE-4DAC-8CEB-EF6B094BE2FE}.Release|Any CPU.ActiveCfg = Release|Any CPU
		{D784103D-B0EE-4DAC-8CEB-EF6B094BE2FE}.Release|Any CPU.Build.0 = Release|Any CPU
		{BA3761BF-97C7-4354-AD17-2FFE470AC9CE}.Debug|Any CPU.ActiveCfg = Debug|Any CPU
		{BA3761BF-97C7-4354-AD17-2FFE470AC9CE}.Debug|Any CPU.Build.0 = Debug|Any CPU
		{BA3761BF-97C7-4354-AD17-2FFE470AC9CE}.Release|Any CPU.ActiveCfg = Release|Any CPU
		{BA3761BF-97C7-4354-AD17-2FFE470AC9CE}.Release|Any CPU.Build.0 = Release|Any CPU
		{929B3A94-83FD-4EB7-A1C9-25B5BE4C3318}.Debug|Any CPU.ActiveCfg = Debug|Any CPU
		{929B3A94-83FD-4EB7-A1C9-25B5BE4C3318}.Debug|Any CPU.Build.0 = Debug|Any CPU
		{929B3A94-83FD-4EB7-A1C9-25B5BE4C3318}.Release|Any CPU.ActiveCfg = Release|Any CPU
		{929B3A94-83FD-4EB7-A1C9-25B5BE4C3318}.Release|Any CPU.Build.0 = Release|Any CPU
		{AED52C99-B42C-47E4-BA66-BC2F90E01E0A}.Debug|Any CPU.ActiveCfg = Debug|Any CPU
		{AED52C99-B42C-47E4-BA66-BC2F90E01E0A}.Debug|Any CPU.Build.0 = Debug|Any CPU
		{AED52C99-B42C-47E4-BA66-BC2F90E01E0A}.Release|Any CPU.ActiveCfg = Release|Any CPU
		{AED52C99-B42C-47E4-BA66-BC2F90E01E0A}.Release|Any CPU.Build.0 = Release|Any CPU
		{0FD6D481-43FF-42BC-96B9-51B3B2FBD493}.Debug|Any CPU.ActiveCfg = Debug|Any CPU
		{0FD6D481-43FF-42BC-96B9-51B3B2FBD493}.Debug|Any CPU.Build.0 = Debug|Any CPU
		{0FD6D481-43FF-42BC-96B9-51B3B2FBD493}.Release|Any CPU.ActiveCfg = Release|Any CPU
		{0FD6D481-43FF-42BC-96B9-51B3B2FBD493}.Release|Any CPU.Build.0 = Release|Any CPU
		{F805AA32-E871-4DFB-8EE1-0DFD373D6EBE}.Debug|Any CPU.ActiveCfg = Debug|Any CPU
		{F805AA32-E871-4DFB-8EE1-0DFD373D6EBE}.Debug|Any CPU.Build.0 = Debug|Any CPU
		{F805AA32-E871-4DFB-8EE1-0DFD373D6EBE}.Release|Any CPU.ActiveCfg = Release|Any CPU
		{F805AA32-E871-4DFB-8EE1-0DFD373D6EBE}.Release|Any CPU.Build.0 = Release|Any CPU
		{7C94D463-C24F-49CC-AF73-C088B3452161}.Debug|Any CPU.ActiveCfg = Debug|Any CPU
		{7C94D463-C24F-49CC-AF73-C088B3452161}.Debug|Any CPU.Build.0 = Debug|Any CPU
		{7C94D463-C24F-49CC-AF73-C088B3452161}.Release|Any CPU.ActiveCfg = Release|Any CPU
		{7C94D463-C24F-49CC-AF73-C088B3452161}.Release|Any CPU.Build.0 = Release|Any CPU
		{0EDF7447-3964-4AC9-AA95-6154A9F68FA2}.Debug|Any CPU.ActiveCfg = Debug|Any CPU
		{0EDF7447-3964-4AC9-AA95-6154A9F68FA2}.Debug|Any CPU.Build.0 = Debug|Any CPU
		{0EDF7447-3964-4AC9-AA95-6154A9F68FA2}.Release|Any CPU.ActiveCfg = Release|Any CPU
		{0EDF7447-3964-4AC9-AA95-6154A9F68FA2}.Release|Any CPU.Build.0 = Release|Any CPU
		{2F8459F0-3C04-44DB-98F9-7120810AC103}.Debug|Any CPU.ActiveCfg = Debug|Any CPU
		{2F8459F0-3C04-44DB-98F9-7120810AC103}.Debug|Any CPU.Build.0 = Debug|Any CPU
		{2F8459F0-3C04-44DB-98F9-7120810AC103}.Release|Any CPU.ActiveCfg = Release|Any CPU
		{2F8459F0-3C04-44DB-98F9-7120810AC103}.Release|Any CPU.Build.0 = Release|Any CPU
		{C7A7A926-4B65-42A4-A17C-F9DAC851B1F5}.Debug|Any CPU.ActiveCfg = Debug|Any CPU
		{C7A7A926-4B65-42A4-A17C-F9DAC851B1F5}.Debug|Any CPU.Build.0 = Debug|Any CPU
		{C7A7A926-4B65-42A4-A17C-F9DAC851B1F5}.Release|Any CPU.ActiveCfg = Release|Any CPU
		{C7A7A926-4B65-42A4-A17C-F9DAC851B1F5}.Release|Any CPU.Build.0 = Release|Any CPU
		{0D6BE7DF-E8BC-438D-8784-DE58456B13EE}.Debug|Any CPU.ActiveCfg = Debug|Any CPU
		{0D6BE7DF-E8BC-438D-8784-DE58456B13EE}.Debug|Any CPU.Build.0 = Debug|Any CPU
		{0D6BE7DF-E8BC-438D-8784-DE58456B13EE}.Release|Any CPU.ActiveCfg = Release|Any CPU
		{0D6BE7DF-E8BC-438D-8784-DE58456B13EE}.Release|Any CPU.Build.0 = Release|Any CPU
		{3992BEED-F846-404D-9695-B49459B46C40}.Debug|Any CPU.ActiveCfg = Debug|Any CPU
		{3992BEED-F846-404D-9695-B49459B46C40}.Debug|Any CPU.Build.0 = Debug|Any CPU
		{3992BEED-F846-404D-9695-B49459B46C40}.Release|Any CPU.ActiveCfg = Release|Any CPU
		{3992BEED-F846-404D-9695-B49459B46C40}.Release|Any CPU.Build.0 = Release|Any CPU
		{9D42F647-0C2D-4881-B72F-0117278D103E}.Debug|Any CPU.ActiveCfg = Debug|Any CPU
		{9D42F647-0C2D-4881-B72F-0117278D103E}.Debug|Any CPU.Build.0 = Debug|Any CPU
		{9D42F647-0C2D-4881-B72F-0117278D103E}.Release|Any CPU.ActiveCfg = Release|Any CPU
		{9D42F647-0C2D-4881-B72F-0117278D103E}.Release|Any CPU.Build.0 = Release|Any CPU
	EndGlobalSection
	GlobalSection(SolutionProperties) = preSolution
		HideSolutionNode = FALSE
	EndGlobalSection
	GlobalSection(NestedProjects) = preSolution
		{042E43F1-C404-43B1-BA15-A46FB87847E3} = {74F81C95-61E3-4010-80C4-07780074F01A}
		{CF4FA6FF-D5BF-43FE-9D76-D22AD34DDEC9} = {74F81C95-61E3-4010-80C4-07780074F01A}
		{D784103D-B0EE-4DAC-8CEB-EF6B094BE2FE} = {74F81C95-61E3-4010-80C4-07780074F01A}
		{1AFA4BFC-B2EB-465C-B233-237FDE17C986} = {74F81C95-61E3-4010-80C4-07780074F01A}
		{E8BEC9AB-83C0-4F3B-94AA-B3C22C633C8A} = {74F81C95-61E3-4010-80C4-07780074F01A}
		{541CA2B2-BDCF-4BA9-99A6-E9DA486355B1} = {74F81C95-61E3-4010-80C4-07780074F01A}
		{275960B7-88A9-4880-BD54-EA2E67F3D555} = {74F81C95-61E3-4010-80C4-07780074F01A}
		{BA3761BF-97C7-4354-AD17-2FFE470AC9CE} = {541CA2B2-BDCF-4BA9-99A6-E9DA486355B1}
		{929B3A94-83FD-4EB7-A1C9-25B5BE4C3318} = {541CA2B2-BDCF-4BA9-99A6-E9DA486355B1}
		{AED52C99-B42C-47E4-BA66-BC2F90E01E0A} = {541CA2B2-BDCF-4BA9-99A6-E9DA486355B1}
		{0FD6D481-43FF-42BC-96B9-51B3B2FBD493} = {275960B7-88A9-4880-BD54-EA2E67F3D555}
		{F805AA32-E871-4DFB-8EE1-0DFD373D6EBE} = {275960B7-88A9-4880-BD54-EA2E67F3D555}
		{7C94D463-C24F-49CC-AF73-C088B3452161} = {275960B7-88A9-4880-BD54-EA2E67F3D555}
		{0EDF7447-3964-4AC9-AA95-6154A9F68FA2} = {E8BEC9AB-83C0-4F3B-94AA-B3C22C633C8A}
		{2F8459F0-3C04-44DB-98F9-7120810AC103} = {E8BEC9AB-83C0-4F3B-94AA-B3C22C633C8A}
		{C7A7A926-4B65-42A4-A17C-F9DAC851B1F5} = {E8BEC9AB-83C0-4F3B-94AA-B3C22C633C8A}
		{0D6BE7DF-E8BC-438D-8784-DE58456B13EE} = {1AFA4BFC-B2EB-465C-B233-237FDE17C986}
		{3992BEED-F846-404D-9695-B49459B46C40} = {1AFA4BFC-B2EB-465C-B233-237FDE17C986}
		{9D42F647-0C2D-4881-B72F-0117278D103E} = {1AFA4BFC-B2EB-465C-B233-237FDE17C986}
	EndGlobalSection
	GlobalSection(ExtensibilityGlobals) = postSolution
		SolutionGuid = {11AC42FF-827D-41EC-A2E8-89744BE9C009}
	EndGlobalSection
EndGlobal
